
Microsoft Visual Studio Solution File, Format Version 12.00
# Visual Studio 15
VisualStudioVersion = 15.0.27703.2035
MinimumVisualStudioVersion = 10.0.40219.1
Project("{FAE04EC0-301F-11D3-BF4B-00C04F79EFBC}") = "DevTreksStatsAPI", "DevTreksStatsAPI\DevTreksStatsAPI.csproj", "{019C5A01-71EE-466D-B785-4A10A9340621}"
EndProject
Global
	GlobalSection(SolutionConfigurationPlatforms) = preSolution
		Debug|Any CPU = Debug|Any CPU
		Release|Any CPU = Release|Any CPU
	EndGlobalSection
	GlobalSection(ProjectConfigurationPlatforms) = postSolution
		{019C5A01-71EE-466D-B785-4A10A9340621}.Debug|Any CPU.ActiveCfg = Debug|Any CPU
		{019C5A01-71EE-466D-B785-4A10A9340621}.Debug|Any CPU.Build.0 = Debug|Any CPU
		{019C5A01-71EE-466D-B785-4A10A9340621}.Release|Any CPU.ActiveCfg = Release|Any CPU
		{019C5A01-71EE-466D-B785-4A10A9340621}.Release|Any CPU.Build.0 = Release|Any CPU
	EndGlobalSection
	GlobalSection(SolutionProperties) = preSolution
		HideSolutionNode = FALSE
	EndGlobalSection
	GlobalSection(ExtensibilityGlobals) = postSolution
		SolutionGuid = {AA79A300-98E3-4CFE-A8FE-040F9C289178}
	EndGlobalSection
EndGlobal
